
Microsoft Visual Studio Solution File, Format Version 12.00
# Visual Studio Version 17
VisualStudioVersion = 17.2.32526.322
MinimumVisualStudioVersion = 10.0.40219.1
Project("{9A19103F-16F7-4668-BE54-9A1E7A4F7556}") = "GlobalDateTimeStringFormats", "GlobalDateTimeStringFormats\GlobalDateTimeStringFormats.csproj", "{04E88D70-DCFF-4F94-8C31-EBBCF53EDDAE}"
EndProject
Global
	GlobalSection(SolutionConfigurationPlatforms) = preSolution
		Debug|Any CPU = Debug|Any CPU
		Release|Any CPU = Release|Any CPU
	EndGlobalSection
	GlobalSection(ProjectConfigurationPlatforms) = postSolution
		{04E88D70-DCFF-4F94-8C31-EBBCF53EDDAE}.Debug|Any CPU.ActiveCfg = Debug|Any CPU
		{04E88D70-DCFF-4F94-8C31-EBBCF53EDDAE}.Debug|Any CPU.Build.0 = Debug|Any CPU
		{04E88D70-DCFF-4F94-8C31-EBBCF53EDDAE}.Release|Any CPU.ActiveCfg = Release|Any CPU
		{04E88D70-DCFF-4F94-8C31-EBBCF53EDDAE}.Release|Any CPU.Build.0 = Release|Any CPU
	EndGlobalSection
	GlobalSection(SolutionProperties) = preSolution
		HideSolutionNode = FALSE
	EndGlobalSection
	GlobalSection(ExtensibilityGlobals) = postSolution
		SolutionGuid = {A90B7DE7-8522-40C6-8321-584269292EB0}
	EndGlobalSection
EndGlobal
